
Microsoft Visual Studio Solution File, Format Version 12.00
# Visual Studio Version 16
VisualStudioVersion = 16.0.29709.97
MinimumVisualStudioVersion = 10.0.40219.1
Project("{FAE04EC0-301F-11D3-BF4B-00C04F79EFBC}") = "Vogsphere", "Vogsphere\Vogsphere.csproj", "{021274A4-3E28-43BD-9EC2-F0637DC93B12}"
EndProject
Global
	GlobalSection(SolutionConfigurationPlatforms) = preSolution
		Debug|Any CPU = Debug|Any CPU
		Release|Any CPU = Release|Any CPU
	EndGlobalSection
	GlobalSection(ProjectConfigurationPlatforms) = postSolution
		{021274A4-3E28-43BD-9EC2-F0637DC93B12}.Debug|Any CPU.ActiveCfg = Debug|Any CPU
		{021274A4-3E28-43BD-9EC2-F0637DC93B12}.Debug|Any CPU.Build.0 = Debug|Any CPU
		{021274A4-3E28-43BD-9EC2-F0637DC93B12}.Release|Any CPU.ActiveCfg = Release|Any CPU
		{021274A4-3E28-43BD-9EC2-F0637DC93B12}.Release|Any CPU.Build.0 = Release|Any CPU
	EndGlobalSection
	GlobalSection(SolutionProperties) = preSolution
		HideSolutionNode = FALSE
	EndGlobalSection
	GlobalSection(ExtensibilityGlobals) = postSolution
		SolutionGuid = {5404F632-429D-4D39-909B-4290A9957DD6}
	EndGlobalSection
EndGlobal
